
Microsoft Visual Studio Solution File, Format Version 12.00
# Visual Studio Version 16
VisualStudioVersion = 16.0.31624.102
MinimumVisualStudioVersion = 10.0.40219.1
Project("{FAE04EC0-301F-11D3-BF4B-00C04F79EFBC}") = "IndianStatesCensusAnalyser", "IndianStatesCensusAnalyser\IndianStatesCensusAnalyser.csproj", "{492BDC58-281C-474A-8169-A511DB784BFC}"
EndProject
Global
	GlobalSection(SolutionConfigurationPlatforms) = preSolution
		Debug|Any CPU = Debug|Any CPU
		Release|Any CPU = Release|Any CPU
	EndGlobalSection
	GlobalSection(ProjectConfigurationPlatforms) = postSolution
		{492BDC58-281C-474A-8169-A511DB784BFC}.Debug|Any CPU.ActiveCfg = Debug|Any CPU
		{492BDC58-281C-474A-8169-A511DB784BFC}.Debug|Any CPU.Build.0 = Debug|Any CPU
		{492BDC58-281C-474A-8169-A511DB784BFC}.Release|Any CPU.ActiveCfg = Release|Any CPU
		{492BDC58-281C-474A-8169-A511DB784BFC}.Release|Any CPU.Build.0 = Release|Any CPU
	EndGlobalSection
	GlobalSection(SolutionProperties) = preSolution
		HideSolutionNode = FALSE
	EndGlobalSection
	GlobalSection(ExtensibilityGlobals) = postSolution
		SolutionGuid = {A081ADEE-C842-4867-99C0-CBB59F6CBBB9}
	EndGlobalSection
EndGlobal
